
Microsoft Visual Studio Solution File, Format Version 12.00
# Visual Studio Version 17
VisualStudioVersion = 17.10.35122.118
MinimumVisualStudioVersion = 10.0.40219.1
Project("{2150E333-8FDC-42A3-9474-1A3956D46DE8}") = "CONTROLLER", "CONTROLLER", "{C27A4C91-7322-4667-87AD-3327EF179FE6}"
EndProject
Project("{2150E333-8FDC-42A3-9474-1A3956D46DE8}") = "MODEL", "MODEL", "{0A758795-790C-4B90-9ADB-1153B31B7BA3}"
EndProject
Project("{2150E333-8FDC-42A3-9474-1A3956D46DE8}") = "VIEW", "VIEW", "{CB7559D8-673E-4AFE-98B3-A40B824930B7}"
EndProject
Project("{FAE04EC0-301F-11D3-BF4B-00C04F79EFBC}") = "MultApps.Controller", "CONTROLLER\MultApps.Controller\MultApps.Controller.csproj", "{8666B0C1-469D-4DDA-90AE-5719F278634F}"
EndProject
Project("{FAE04EC0-301F-11D3-BF4B-00C04F79EFBC}") = "MultApps.Models", "MODELS\MultApps.Models\MultApps.Models.csproj", "{1FD65C32-5745-4FE0-8978-6C855F807BE5}"
EndProject
Project("{FAE04EC0-301F-11D3-BF4B-00C04F79EFBC}") = "MultApps.Windows", "VIEW\MultApps.Windows\MultApps.Windows.csproj", "{CDDC1D6E-247C-4F3E-A40F-797B17932AEE}"
EndProject
Global
	GlobalSection(SolutionConfigurationPlatforms) = preSolution
		Debug|Any CPU = Debug|Any CPU
		Release|Any CPU = Release|Any CPU
	EndGlobalSection
	GlobalSection(ProjectConfigurationPlatforms) = postSolution
		{8666B0C1-469D-4DDA-90AE-5719F278634F}.Debug|Any CPU.ActiveCfg = Debug|Any CPU
		{8666B0C1-469D-4DDA-90AE-5719F278634F}.Debug|Any CPU.Build.0 = Debug|Any CPU
		{8666B0C1-469D-4DDA-90AE-5719F278634F}.Release|Any CPU.ActiveCfg = Release|Any CPU
		{8666B0C1-469D-4DDA-90AE-5719F278634F}.Release|Any CPU.Build.0 = Release|Any CPU
		{1FD65C32-5745-4FE0-8978-6C855F807BE5}.Debug|Any CPU.ActiveCfg = Debug|Any CPU
		{1FD65C32-5745-4FE0-8978-6C855F807BE5}.Debug|Any CPU.Build.0 = Debug|Any CPU
		{1FD65C32-5745-4FE0-8978-6C855F807BE5}.Release|Any CPU.ActiveCfg = Release|Any CPU
		{1FD65C32-5745-4FE0-8978-6C855F807BE5}.Release|Any CPU.Build.0 = Release|Any CPU
		{CDDC1D6E-247C-4F3E-A40F-797B17932AEE}.Debug|Any CPU.ActiveCfg = Debug|Any CPU
		{CDDC1D6E-247C-4F3E-A40F-797B17932AEE}.Debug|Any CPU.Build.0 = Debug|Any CPU
		{CDDC1D6E-247C-4F3E-A40F-797B17932AEE}.Release|Any CPU.ActiveCfg = Release|Any CPU
		{CDDC1D6E-247C-4F3E-A40F-797B17932AEE}.Release|Any CPU.Build.0 = Release|Any CPU
	EndGlobalSection
	GlobalSection(SolutionProperties) = preSolution
		HideSolutionNode = FALSE
	EndGlobalSection
	GlobalSection(NestedProjects) = preSolution
		{8666B0C1-469D-4DDA-90AE-5719F278634F} = {C27A4C91-7322-4667-87AD-3327EF179FE6}
		{1FD65C32-5745-4FE0-8978-6C855F807BE5} = {0A758795-790C-4B90-9ADB-1153B31B7BA3}
		{CDDC1D6E-247C-4F3E-A40F-797B17932AEE} = {CB7559D8-673E-4AFE-98B3-A40B824930B7}
	EndGlobalSection
	GlobalSection(ExtensibilityGlobals) = postSolution
		SolutionGuid = {AE7466AF-E45B-4F9B-8018-CB00C41034E9}
	EndGlobalSection
EndGlobal
